
Microsoft Visual Studio Solution File, Format Version 12.00
# Visual Studio Version 16
VisualStudioVersion = 16.0.29102.190
MinimumVisualStudioVersion = 10.0.40219.1
Project("{FAE04EC0-301F-11D3-BF4B-00C04F79EFBC}") = "Guia12", "Guia12\Guia12.csproj", "{D451190D-E7A2-49D3-AD42-394995EC5977}"
EndProject
Global
	GlobalSection(SolutionConfigurationPlatforms) = preSolution
		Debug|Any CPU = Debug|Any CPU
		Release|Any CPU = Release|Any CPU
	EndGlobalSection
	GlobalSection(ProjectConfigurationPlatforms) = postSolution
		{D451190D-E7A2-49D3-AD42-394995EC5977}.Debug|Any CPU.ActiveCfg = Debug|Any CPU
		{D451190D-E7A2-49D3-AD42-394995EC5977}.Debug|Any CPU.Build.0 = Debug|Any CPU
		{D451190D-E7A2-49D3-AD42-394995EC5977}.Release|Any CPU.ActiveCfg = Release|Any CPU
		{D451190D-E7A2-49D3-AD42-394995EC5977}.Release|Any CPU.Build.0 = Release|Any CPU
	EndGlobalSection
	GlobalSection(SolutionProperties) = preSolution
		HideSolutionNode = FALSE
	EndGlobalSection
	GlobalSection(ExtensibilityGlobals) = postSolution
		SolutionGuid = {5BC354BA-7358-452D-B7EC-B1579BB224A5}
	EndGlobalSection
EndGlobal
